
Microsoft Visual Studio Solution File, Format Version 12.00
# Visual Studio Version 16
VisualStudioVersion = 16.0.29905.134
MinimumVisualStudioVersion = 10.0.40219.1
Project("{FAE04EC0-301F-11D3-BF4B-00C04F79EFBC}") = "ObserverPattern", "ObserverPattern\ObserverPattern.csproj", "{2EBDEA58-0B83-4E25-96CA-D004F55D4F4E}"
EndProject
Project("{2150E333-8FDC-42A3-9474-1A3956D46DE8}") = "Behavioral Patterns", "Behavioral Patterns", "{4E040E0D-1D7E-4654-97A5-27F5753F757C}"
EndProject
Project("{2150E333-8FDC-42A3-9474-1A3956D46DE8}") = "Creational Patterns", "Creational Patterns", "{9E9A760C-BB9D-4291-A7D5-F2AA67C67C8C}"
EndProject
Project("{2150E333-8FDC-42A3-9474-1A3956D46DE8}") = "Structural Patterns", "Structural Patterns", "{87B4D434-C29C-4C24-834F-A36559688DE1}"
EndProject
Project("{FAE04EC0-301F-11D3-BF4B-00C04F79EFBC}") = "AbstractFactory", "AbstractFactory\AbstractFactory.csproj", "{081D50BA-E789-4B34-8AFA-4D778257C746}"
EndProject
Project("{FAE04EC0-301F-11D3-BF4B-00C04F79EFBC}") = "Decorator", "Decorator\Decorator.csproj", "{8E7B648B-F9D1-414B-B7C8-62ECFDBF999E}"
EndProject
Project("{FAE04EC0-301F-11D3-BF4B-00C04F79EFBC}") = "Builder", "Builder\Builder.csproj", "{5F040B16-B542-44FC-B199-8B04856485FC}"
EndProject
Project("{FAE04EC0-301F-11D3-BF4B-00C04F79EFBC}") = "Decorator2", "Decorator2\Decorator2.csproj", "{6A40C7BB-EC3A-4981-8CB8-CFA276F2BC35}"
EndProject
Project("{FAE04EC0-301F-11D3-BF4B-00C04F79EFBC}") = "FactoryMethod", "FactoryMethod\FactoryMethod.csproj", "{D24F0CCA-41F8-40E8-B80D-3AD67F4AC758}"
EndProject
Project("{FAE04EC0-301F-11D3-BF4B-00C04F79EFBC}") = "Prototype", "Prototype\Prototype.csproj", "{18EB0563-853A-4C0B-A3BF-033EFEC7839C}"
EndProject
Project("{FAE04EC0-301F-11D3-BF4B-00C04F79EFBC}") = "Singleton", "Singleton\Singleton.csproj", "{8D51F380-F24B-45D0-A0FD-0FAC4AE67AE0}"
EndProject
Project("{FAE04EC0-301F-11D3-BF4B-00C04F79EFBC}") = "Adapter", "Adapter\Adapter.csproj", "{299446C7-4C2E-49FC-9C0E-2C6738323BBC}"
EndProject
Project("{FAE04EC0-301F-11D3-BF4B-00C04F79EFBC}") = "Bridge", "Bridge\Bridge.csproj", "{761CBA70-86B4-4170-9112-4C61C208B179}"
EndProject
Global
	GlobalSection(SolutionConfigurationPlatforms) = preSolution
		Debug|Any CPU = Debug|Any CPU
		Release|Any CPU = Release|Any CPU
	EndGlobalSection
	GlobalSection(ProjectConfigurationPlatforms) = postSolution
		{2EBDEA58-0B83-4E25-96CA-D004F55D4F4E}.Debug|Any CPU.ActiveCfg = Debug|Any CPU
		{2EBDEA58-0B83-4E25-96CA-D004F55D4F4E}.Debug|Any CPU.Build.0 = Debug|Any CPU
		{2EBDEA58-0B83-4E25-96CA-D004F55D4F4E}.Release|Any CPU.ActiveCfg = Release|Any CPU
		{2EBDEA58-0B83-4E25-96CA-D004F55D4F4E}.Release|Any CPU.Build.0 = Release|Any CPU
		{081D50BA-E789-4B34-8AFA-4D778257C746}.Debug|Any CPU.ActiveCfg = Debug|Any CPU
		{081D50BA-E789-4B34-8AFA-4D778257C746}.Debug|Any CPU.Build.0 = Debug|Any CPU
		{081D50BA-E789-4B34-8AFA-4D778257C746}.Release|Any CPU.ActiveCfg = Release|Any CPU
		{081D50BA-E789-4B34-8AFA-4D778257C746}.Release|Any CPU.Build.0 = Release|Any CPU
		{8E7B648B-F9D1-414B-B7C8-62ECFDBF999E}.Debug|Any CPU.ActiveCfg = Debug|Any CPU
		{8E7B648B-F9D1-414B-B7C8-62ECFDBF999E}.Debug|Any CPU.Build.0 = Debug|Any CPU
		{8E7B648B-F9D1-414B-B7C8-62ECFDBF999E}.Release|Any CPU.ActiveCfg = Release|Any CPU
		{8E7B648B-F9D1-414B-B7C8-62ECFDBF999E}.Release|Any CPU.Build.0 = Release|Any CPU
		{5F040B16-B542-44FC-B199-8B04856485FC}.Debug|Any CPU.ActiveCfg = Debug|Any CPU
		{5F040B16-B542-44FC-B199-8B04856485FC}.Debug|Any CPU.Build.0 = Debug|Any CPU
		{5F040B16-B542-44FC-B199-8B04856485FC}.Release|Any CPU.ActiveCfg = Release|Any CPU
		{5F040B16-B542-44FC-B199-8B04856485FC}.Release|Any CPU.Build.0 = Release|Any CPU
		{6A40C7BB-EC3A-4981-8CB8-CFA276F2BC35}.Debug|Any CPU.ActiveCfg = Debug|Any CPU
		{6A40C7BB-EC3A-4981-8CB8-CFA276F2BC35}.Debug|Any CPU.Build.0 = Debug|Any CPU
		{6A40C7BB-EC3A-4981-8CB8-CFA276F2BC35}.Release|Any CPU.ActiveCfg = Release|Any CPU
		{6A40C7BB-EC3A-4981-8CB8-CFA276F2BC35}.Release|Any CPU.Build.0 = Release|Any CPU
		{D24F0CCA-41F8-40E8-B80D-3AD67F4AC758}.Debug|Any CPU.ActiveCfg = Debug|Any CPU
		{D24F0CCA-41F8-40E8-B80D-3AD67F4AC758}.Debug|Any CPU.Build.0 = Debug|Any CPU
		{D24F0CCA-41F8-40E8-B80D-3AD67F4AC758}.Release|Any CPU.ActiveCfg = Release|Any CPU
		{D24F0CCA-41F8-40E8-B80D-3AD67F4AC758}.Release|Any CPU.Build.0 = Release|Any CPU
		{18EB0563-853A-4C0B-A3BF-033EFEC7839C}.Debug|Any CPU.ActiveCfg = Debug|Any CPU
		{18EB0563-853A-4C0B-A3BF-033EFEC7839C}.Debug|Any CPU.Build.0 = Debug|Any CPU
		{18EB0563-853A-4C0B-A3BF-033EFEC7839C}.Release|Any CPU.ActiveCfg = Release|Any CPU
		{18EB0563-853A-4C0B-A3BF-033EFEC7839C}.Release|Any CPU.Build.0 = Release|Any CPU
		{8D51F380-F24B-45D0-A0FD-0FAC4AE67AE0}.Debug|Any CPU.ActiveCfg = Debug|Any CPU
		{8D51F380-F24B-45D0-A0FD-0FAC4AE67AE0}.Debug|Any CPU.Build.0 = Debug|Any CPU
		{8D51F380-F24B-45D0-A0FD-0FAC4AE67AE0}.Release|Any CPU.ActiveCfg = Release|Any CPU
		{8D51F380-F24B-45D0-A0FD-0FAC4AE67AE0}.Release|Any CPU.Build.0 = Release|Any CPU
		{299446C7-4C2E-49FC-9C0E-2C6738323BBC}.Debug|Any CPU.ActiveCfg = Debug|Any CPU
		{299446C7-4C2E-49FC-9C0E-2C6738323BBC}.Debug|Any CPU.Build.0 = Debug|Any CPU
		{299446C7-4C2E-49FC-9C0E-2C6738323BBC}.Release|Any CPU.ActiveCfg = Release|Any CPU
		{299446C7-4C2E-49FC-9C0E-2C6738323BBC}.Release|Any CPU.Build.0 = Release|Any CPU
		{761CBA70-86B4-4170-9112-4C61C208B179}.Debug|Any CPU.ActiveCfg = Debug|Any CPU
		{761CBA70-86B4-4170-9112-4C61C208B179}.Debug|Any CPU.Build.0 = Debug|Any CPU
		{761CBA70-86B4-4170-9112-4C61C208B179}.Release|Any CPU.ActiveCfg = Release|Any CPU
		{761CBA70-86B4-4170-9112-4C61C208B179}.Release|Any CPU.Build.0 = Release|Any CPU
	EndGlobalSection
	GlobalSection(SolutionProperties) = preSolution
		HideSolutionNode = FALSE
	EndGlobalSection
	GlobalSection(NestedProjects) = preSolution
		{2EBDEA58-0B83-4E25-96CA-D004F55D4F4E} = {4E040E0D-1D7E-4654-97A5-27F5753F757C}
		{081D50BA-E789-4B34-8AFA-4D778257C746} = {9E9A760C-BB9D-4291-A7D5-F2AA67C67C8C}
		{8E7B648B-F9D1-414B-B7C8-62ECFDBF999E} = {87B4D434-C29C-4C24-834F-A36559688DE1}
		{5F040B16-B542-44FC-B199-8B04856485FC} = {9E9A760C-BB9D-4291-A7D5-F2AA67C67C8C}
		{6A40C7BB-EC3A-4981-8CB8-CFA276F2BC35} = {87B4D434-C29C-4C24-834F-A36559688DE1}
		{D24F0CCA-41F8-40E8-B80D-3AD67F4AC758} = {9E9A760C-BB9D-4291-A7D5-F2AA67C67C8C}
		{18EB0563-853A-4C0B-A3BF-033EFEC7839C} = {9E9A760C-BB9D-4291-A7D5-F2AA67C67C8C}
		{8D51F380-F24B-45D0-A0FD-0FAC4AE67AE0} = {9E9A760C-BB9D-4291-A7D5-F2AA67C67C8C}
		{299446C7-4C2E-49FC-9C0E-2C6738323BBC} = {87B4D434-C29C-4C24-834F-A36559688DE1}
		{761CBA70-86B4-4170-9112-4C61C208B179} = {87B4D434-C29C-4C24-834F-A36559688DE1}
	EndGlobalSection
	GlobalSection(ExtensibilityGlobals) = postSolution
		SolutionGuid = {C2B1753F-D215-481F-A3B0-44FD8AE01A36}
	EndGlobalSection
EndGlobal
